// !$*UTF8*$!
{
	archiveVersion = 1;
	classes = {
	};
	objectVersion = 55;
	objects = {

/* Begin PBXBuildFile section */
		182CAB4A28DC7661008CA00E /* HomeViewController.swift in Sources */ = {isa = PBXBuildFile; fileRef = 182CAB4928DC7661008CA00E /* HomeViewController.swift */; };
		182CAB4C28DC7F42008CA00E /* ProductCell.xib in Resources */ = {isa = PBXBuildFile; fileRef = 182CAB4B28DC7F42008CA00E /* ProductCell.xib */; };
		18740F8A28DD9A4000AA99AA /* CardView.swift in Sources */ = {isa = PBXBuildFile; fileRef = 18740F8928DD9A4000AA99AA /* CardView.swift */; };
		18F3BD7B28D5B0ED00BBABC9 /* AppDelegate.swift in Sources */ = {isa = PBXBuildFile; fileRef = 18F3BD7A28D5B0ED00BBABC9 /* AppDelegate.swift */; };
		18F3BD7D28D5B0ED00BBABC9 /* SceneDelegate.swift in Sources */ = {isa = PBXBuildFile; fileRef = 18F3BD7C28D5B0ED00BBABC9 /* SceneDelegate.swift */; };
		18F3BD7F28D5B0ED00BBABC9 /* ViewController.swift in Sources */ = {isa = PBXBuildFile; fileRef = 18F3BD7E28D5B0ED00BBABC9 /* ViewController.swift */; };
		18F3BD8228D5B0ED00BBABC9 /* Main.storyboard in Resources */ = {isa = PBXBuildFile; fileRef = 18F3BD8028D5B0ED00BBABC9 /* Main.storyboard */; };
		18F3BD8428D5B0F000BBABC9 /* Assets.xcassets in Resources */ = {isa = PBXBuildFile; fileRef = 18F3BD8328D5B0F000BBABC9 /* Assets.xcassets */; };
		18F3BD8728D5B0F000BBABC9 /* LaunchScreen.storyboard in Resources */ = {isa = PBXBuildFile; fileRef = 18F3BD8528D5B0F000BBABC9 /* LaunchScreen.storyboard */; };
		18F3BD8F28D5D5DD00BBABC9 /* fonts in Resources */ = {isa = PBXBuildFile; fileRef = 18F3BD8E28D5D5DD00BBABC9 /* fonts */; };
		18F3BD9128D5DEC200BBABC9 /* WelcomeViewController.swift in Sources */ = {isa = PBXBuildFile; fileRef = 18F3BD9028D5DEC200BBABC9 /* WelcomeViewController.swift */; };
		18F3BD9328D5DF3A00BBABC9 /* LoginViewController.swift in Sources */ = {isa = PBXBuildFile; fileRef = 18F3BD9228D5DF3A00BBABC9 /* LoginViewController.swift */; };
		7806879AA35EF9092DC6453C /* Pods_FakeStoreIOS.framework in Frameworks */ = {isa = PBXBuildFile; fileRef = 7A8A595F645C592FD755BA9D /* Pods_FakeStoreIOS.framework */; };
/* End PBXBuildFile section */

/* Begin PBXFileReference section */
		182CAB4928DC7661008CA00E /* HomeViewController.swift */ = {isa = PBXFileReference; lastKnownFileType = sourcecode.swift; path = HomeViewController.swift; sourceTree = "<group>"; };
		182CAB4B28DC7F42008CA00E /* ProductCell.xib */ = {isa = PBXFileReference; lastKnownFileType = file.xib; path = ProductCell.xib; sourceTree = "<group>"; };
		18740F8928DD9A4000AA99AA /* CardView.swift */ = {isa = PBXFileReference; lastKnownFileType = sourcecode.swift; path = CardView.swift; sourceTree = "<group>"; };
		18F3BD7728D5B0ED00BBABC9 /* FakeStoreIOS.app */ = {isa = PBXFileReference; explicitFileType = wrapper.application; includeInIndex = 0; path = FakeStoreIOS.app; sourceTree = BUILT_PRODUCTS_DIR; };
		18F3BD7A28D5B0ED00BBABC9 /* AppDelegate.swift */ = {isa = PBXFileReference; lastKnownFileType = sourcecode.swift; path = AppDelegate.swift; sourceTree = "<group>"; };
		18F3BD7C28D5B0ED00BBABC9 /* SceneDelegate.swift */ = {isa = PBXFileReference; lastKnownFileType = sourcecode.swift; path = SceneDelegate.swift; sourceTree = "<group>"; };
		18F3BD7E28D5B0ED00BBABC9 /* ViewController.swift */ = {isa = PBXFileReference; lastKnownFileType = sourcecode.swift; path = ViewController.swift; sourceTree = "<group>"; };
		18F3BD8128D5B0ED00BBABC9 /* Base */ = {isa = PBXFileReference; lastKnownFileType = file.storyboard; name = Base; path = Base.lproj/Main.storyboard; sourceTree = "<group>"; };
		18F3BD8328D5B0F000BBABC9 /* Assets.xcassets */ = {isa = PBXFileReference; lastKnownFileType = folder.assetcatalog; path = Assets.xcassets; sourceTree = "<group>"; };
		18F3BD8628D5B0F000BBABC9 /* Base */ = {isa = PBXFileReference; lastKnownFileType = file.storyboard; name = Base; path = Base.lproj/LaunchScreen.storyboard; sourceTree = "<group>"; };
		18F3BD8828D5B0F000BBABC9 /* Info.plist */ = {isa = PBXFileReference; lastKnownFileType = text.plist.xml; path = Info.plist; sourceTree = "<group>"; };
		18F3BD8E28D5D5DD00BBABC9 /* fonts */ = {isa = PBXFileReference; lastKnownFileType = folder; path = fonts; sourceTree = "<group>"; };
		18F3BD9028D5DEC200BBABC9 /* WelcomeViewController.swift */ = {isa = PBXFileReference; lastKnownFileType = sourcecode.swift; path = WelcomeViewController.swift; sourceTree = "<group>"; };
		18F3BD9228D5DF3A00BBABC9 /* LoginViewController.swift */ = {isa = PBXFileReference; lastKnownFileType = sourcecode.swift; path = LoginViewController.swift; sourceTree = "<group>"; };
		4068FA35A03A473E4670AD66 /* Pods-FakeStoreIOS.release.xcconfig */ = {isa = PBXFileReference; includeInIndex = 1; lastKnownFileType = text.xcconfig; name = "Pods-FakeStoreIOS.release.xcconfig"; path = "Target Support Files/Pods-FakeStoreIOS/Pods-FakeStoreIOS.release.xcconfig"; sourceTree = "<group>"; };
		7A8A595F645C592FD755BA9D /* Pods_FakeStoreIOS.framework */ = {isa = PBXFileReference; explicitFileType = wrapper.framework; includeInIndex = 0; path = Pods_FakeStoreIOS.framework; sourceTree = BUILT_PRODUCTS_DIR; };
		90CC3CFFF3026521FC1C39A6 /* Pods-FakeStoreIOS.debug.xcconfig */ = {isa = PBXFileReference; includeInIndex = 1; lastKnownFileType = text.xcconfig; name = "Pods-FakeStoreIOS.debug.xcconfig"; path = "Target Support Files/Pods-FakeStoreIOS/Pods-FakeStoreIOS.debug.xcconfig"; sourceTree = "<group>"; };
/* End PBXFileReference section */

/* Begin PBXFrameworksBuildPhase section */
		18F3BD7428D5B0ED00BBABC9 /* Frameworks */ = {
			isa = PBXFrameworksBuildPhase;
			buildActionMask = 2147483647;
			files = (
				7806879AA35EF9092DC6453C /* Pods_FakeStoreIOS.framework in Frameworks */,
			);
			runOnlyForDeploymentPostprocessing = 0;
		};
/* End PBXFrameworksBuildPhase section */

/* Begin PBXGroup section */
		18F3BD6E28D5B0ED00BBABC9 = {
			isa = PBXGroup;
			children = (
				18F3BD7928D5B0ED00BBABC9 /* FakeStoreIOS */,
				18F3BD7828D5B0ED00BBABC9 /* Products */,
				A487617ADB7DA5BDA06859EE /* Frameworks */,
				9A969AE7FB73B81AB61B9F54 /* Pods */,
			);
			sourceTree = "<group>";
		};
		18F3BD7828D5B0ED00BBABC9 /* Products */ = {
			isa = PBXGroup;
			children = (
				18F3BD7728D5B0ED00BBABC9 /* FakeStoreIOS.app */,
			);
			name = Products;
			sourceTree = "<group>";
		};
		18F3BD7928D5B0ED00BBABC9 /* FakeStoreIOS */ = {
			isa = PBXGroup;
			children = (
				18F3BD7A28D5B0ED00BBABC9 /* AppDelegate.swift */,
				18F3BD7C28D5B0ED00BBABC9 /* SceneDelegate.swift */,
				18F3BD7E28D5B0ED00BBABC9 /* ViewController.swift */,
				18F3BD8028D5B0ED00BBABC9 /* Main.storyboard */,
				182CAB4928DC7661008CA00E /* HomeViewController.swift */,
				182CAB4B28DC7F42008CA00E /* ProductCell.xib */,
				18740F8928DD9A4000AA99AA /* CardView.swift */,
				18F3BD9228D5DF3A00BBABC9 /* LoginViewController.swift */,
				18F3BD9028D5DEC200BBABC9 /* WelcomeViewController.swift */,
				18F3BD8328D5B0F000BBABC9 /* Assets.xcassets */,
				18F3BD8528D5B0F000BBABC9 /* LaunchScreen.storyboard */,
				18F3BD8828D5B0F000BBABC9 /* Info.plist */,
				18F3BD8E28D5D5DD00BBABC9 /* fonts */,
			);
			path = FakeStoreIOS;
			sourceTree = "<group>";
		};
		9A969AE7FB73B81AB61B9F54 /* Pods */ = {
			isa = PBXGroup;
			children = (
				90CC3CFFF3026521FC1C39A6 /* Pods-FakeStoreIOS.debug.xcconfig */,
				4068FA35A03A473E4670AD66 /* Pods-FakeStoreIOS.release.xcconfig */,
			);
			name = Pods;
			path = Pods;
			sourceTree = "<group>";
		};
		A487617ADB7DA5BDA06859EE /* Frameworks */ = {
			isa = PBXGroup;
			children = (
				7A8A595F645C592FD755BA9D /* Pods_FakeStoreIOS.framework */,
			);
			name = Frameworks;
			sourceTree = "<group>";
		};
/* End PBXGroup section */

/* Begin PBXNativeTarget section */
		18F3BD7628D5B0ED00BBABC9 /* FakeStoreIOS */ = {
			isa = PBXNativeTarget;
			buildConfigurationList = 18F3BD8B28D5B0F000BBABC9 /* Build configuration list for PBXNativeTarget "FakeStoreIOS" */;
			buildPhases = (
				C43E9534646CBCCE3D43CF84 /* [CP] Check Pods Manifest.lock */,
				18F3BD7328D5B0ED00BBABC9 /* Sources */,
				18F3BD7428D5B0ED00BBABC9 /* Frameworks */,
				18F3BD7528D5B0ED00BBABC9 /* Resources */,
			);
			buildRules = (
			);
			dependencies = (
			);
			name = FakeStoreIOS;
			productName = FakeStoreIOS;
			productReference = 18F3BD7728D5B0ED00BBABC9 /* FakeStoreIOS.app */;
			productType = "com.apple.product-type.application";
		};
/* End PBXNativeTarget section */

/* Begin PBXProject section */
		18F3BD6F28D5B0ED00BBABC9 /* Project object */ = {
			isa = PBXProject;
			attributes = {
				BuildIndependentTargetsInParallel = 1;
				LastSwiftUpdateCheck = 1340;
				LastUpgradeCheck = 1340;
				TargetAttributes = {
					18F3BD7628D5B0ED00BBABC9 = {
						CreatedOnToolsVersion = 13.4.1;
					};
				};
			};
			buildConfigurationList = 18F3BD7228D5B0ED00BBABC9 /* Build configuration list for PBXProject "FakeStoreIOS" */;
			compatibilityVersion = "Xcode 13.0";
			developmentRegion = en;
			hasScannedForEncodings = 0;
			knownRegions = (
				en,
				Base,
			);
			mainGroup = 18F3BD6E28D5B0ED00BBABC9;
			productRefGroup = 18F3BD7828D5B0ED00BBABC9 /* Products */;
			projectDirPath = "";
			projectRoot = "";
			targets = (
				18F3BD7628D5B0ED00BBABC9 /* FakeStoreIOS */,
			);
		};
/* End PBXProject section */

/* Begin PBXResourcesBuildPhase section */
		18F3BD7528D5B0ED00BBABC9 /* Resources */ = {
			isa = PBXResourcesBuildPhase;
			buildActionMask = 2147483647;
			files = (
				18F3BD8728D5B0F000BBABC9 /* LaunchScreen.storyboard in Resources */,
				18F3BD8428D5B0F000BBABC9 /* Assets.xcassets in Resources */,
				182CAB4C28DC7F42008CA00E /* ProductCell.xib in Resources */,
				18F3BD8228D5B0ED00BBABC9 /* Main.storyboard in Resources */,
				18F3BD8F28D5D5DD00BBABC9 /* fonts in Resources */,
			);
			runOnlyForDeploymentPostprocessing = 0;
		};
/* End PBXResourcesBuildPhase section */

/* Begin PBXShellScriptBuildPhase section */
		C43E9534646CBCCE3D43CF84 /* [CP] Check Pods Manifest.lock */ = {
			isa = PBXShellScriptBuildPhase;
			buildActionMask = 2147483647;
			files = (
			);
			inputFileListPaths = (
			);
			inputPaths = (
				"${PODS_PODFILE_DIR_PATH}/Podfile.lock",
				"${PODS_ROOT}/Manifest.lock",
			);
			name = "[CP] Check Pods Manifest.lock";
			outputFileListPaths = (
			);
			outputPaths = (
				"$(DERIVED_FILE_DIR)/Pods-FakeStoreIOS-checkManifestLockResult.txt",
			);
			runOnlyForDeploymentPostprocessing = 0;
			shellPath = /bin/sh;
			shellScript = "diff \"${PODS_PODFILE_DIR_PATH}/Podfile.lock\" \"${PODS_ROOT}/Manifest.lock\" > /dev/null\nif [ $? != 0 ] ; then\n    # print error to STDERR\n    echo \"error: The sandbox is not in sync with the Podfile.lock. Run 'pod install' or update your CocoaPods installation.\" >&2\n    exit 1\nfi\n# This output is used by Xcode 'outputs' to avoid re-running this script phase.\necho \"SUCCESS\" > \"${SCRIPT_OUTPUT_FILE_0}\"\n";
			showEnvVarsInLog = 0;
		};
/* End PBXShellScriptBuildPhase section */

/* Begin PBXSourcesBuildPhase section */
		18F3BD7328D5B0ED00BBABC9 /* Sources */ = {
			isa = PBXSourcesBuildPhase;
			buildActionMask = 2147483647;
			files = (
				18740F8A28DD9A4000AA99AA /* CardView.swift in Sources */,
				18F3BD7F28D5B0ED00BBABC9 /* ViewController.swift in Sources */,
				18F3BD9128D5DEC200BBABC9 /* WelcomeViewController.swift in Sources */,
				18F3BD7B28D5B0ED00BBABC9 /* AppDelegate.swift in Sources */,
				18F3BD9328D5DF3A00BBABC9 /* LoginViewController.swift in Sources */,
				18F3BD7D28D5B0ED00BBABC9 /* SceneDelegate.swift in Sources */,
				182CAB4A28DC7661008CA00E /* HomeViewController.swift in Sources */,
			);
			runOnlyForDeploymentPostprocessing = 0;
		};
/* End PBXSourcesBuildPhase section */

/* Begin PBXVariantGroup section */
		18F3BD8028D5B0ED00BBABC9 /* Main.storyboard */ = {
			isa = PBXVariantGroup;
			children = (
				18F3BD8128D5B0ED00BBABC9 /* Base */,
			);
			name = Main.storyboard;
			sourceTree = "<group>";
		};
		18F3BD8528D5B0F000BBABC9 /* LaunchScreen.storyboard */ = {
			isa = PBXVariantGroup;
			children = (
				18F3BD8628D5B0F000BBABC9 /* Base */,
			);
			name = LaunchScreen.storyboard;
			sourceTree = "<group>";
		};
/* End PBXVariantGroup section */

/* Begin XCBuildConfiguration section */
		18F3BD8928D5B0F000BBABC9 /* Debug */ = {
			isa = XCBuildConfiguration;
			buildSettings = {
				ALWAYS_SEARCH_USER_PATHS = NO;
				CLANG_ANALYZER_NONNULL = YES;
				CLANG_ANALYZER_NUMBER_OBJECT_CONVERSION = YES_AGGRESSIVE;
				CLANG_CXX_LANGUAGE_STANDARD = "gnu++17";
				CLANG_ENABLE_MODULES = YES;
				CLANG_ENABLE_OBJC_ARC = YES;
				CLANG_ENABLE_OBJC_WEAK = YES;
				CLANG_WARN_BLOCK_CAPTURE_AUTORELEASING = YES;
				CLANG_WARN_BOOL_CONVERSION = YES;
				CLANG_WARN_COMMA = YES;
				CLANG_WARN_CONSTANT_CONVERSION = YES;
				CLANG_WARN_DEPRECATED_OBJC_IMPLEMENTATIONS = YES;
				CLANG_WARN_DIRECT_OBJC_ISA_USAGE = YES_ERROR;
				CLANG_WARN_DOCUMENTATION_COMMENTS = YES;
				CLANG_WARN_EMPTY_BODY = YES;
				CLANG_WARN_ENUM_CONVERSION = YES;
				CLANG_WARN_INFINITE_RECURSION = YES;
				CLANG_WARN_INT_CONVERSION = YES;
				CLANG_WARN_NON_LITERAL_NULL_CONVERSION = YES;
				CLANG_WARN_OBJC_IMPLICIT_RETAIN_SELF = YES;
				CLANG_WARN_OBJC_LITERAL_CONVERSION = YES;
				CLANG_WARN_OBJC_ROOT_CLASS = YES_ERROR;
				CLANG_WARN_QUOTED_INCLUDE_IN_FRAMEWORK_HEADER = YES;
				CLANG_WARN_RANGE_LOOP_ANALYSIS = YES;
				CLANG_WARN_STRICT_PROTOTYPES = YES;
				CLANG_WARN_SUSPICIOUS_MOVE = YES;
				CLANG_WARN_UNGUARDED_AVAILABILITY = YES_AGGRESSIVE;
				CLANG_WARN_UNREACHABLE_CODE = YES;
				CLANG_WARN__DUPLICATE_METHOD_MATCH = YES;
				COPY_PHASE_STRIP = NO;
				DEBUG_INFORMATION_FORMAT = dwarf;
				ENABLE_STRICT_OBJC_MSGSEND = YES;
				ENABLE_TESTABILITY = YES;
				GCC_C_LANGUAGE_STANDARD = gnu11;
				GCC_DYNAMIC_NO_PIC = NO;
				GCC_NO_COMMON_BLOCKS = YES;
				GCC_OPTIMIZATION_LEVEL = 0;
				GCC_PREPROCESSOR_DEFINITIONS = (
					"DEBUG=1",
					"$(inherited)",
				);
				GCC_WARN_64_TO_32_BIT_CONVERSION = YES;
				GCC_WARN_ABOUT_RETURN_TYPE = YES_ERROR;
				GCC_WARN_UNDECLARED_SELECTOR = YES;
				GCC_WARN_UNINITIALIZED_AUTOS = YES_AGGRESSIVE;
				GCC_WARN_UNUSED_FUNCTION = YES;
				GCC_WARN_UNUSED_VARIABLE = YES;
				IPHONEOS_DEPLOYMENT_TARGET = 15.5;
				MTL_ENABLE_DEBUG_INFO = INCLUDE_SOURCE;
				MTL_FAST_MATH = YES;
				ONLY_ACTIVE_ARCH = YES;
				SDKROOT = iphoneos;
				SWIFT_ACTIVE_COMPILATION_CONDITIONS = DEBUG;
				SWIFT_OPTIMIZATION_LEVEL = "-Onone";
			};
			name = Debug;
		};
		18F3BD8A28D5B0F000BBABC9 /* Release */ = {
			isa = XCBuildConfiguration;
			buildSettings = {
				ALWAYS_SEARCH_USER_PATHS = NO;
				CLANG_ANALYZER_NONNULL = YES;
				CLANG_ANALYZER_NUMBER_OBJECT_CONVERSION = YES_AGGRESSIVE;
				CLANG_CXX_LANGUAGE_STANDARD = "gnu++17";
				CLANG_ENABLE_MODULES = YES;
				CLANG_ENABLE_OBJC_ARC = YES;
				CLANG_ENABLE_OBJC_WEAK = YES;
				CLANG_WARN_BLOCK_CAPTURE_AUTORELEASING = YES;
				CLANG_WARN_BOOL_CONVERSION = YES;
				CLANG_WARN_COMMA = YES;
				CLANG_WARN_CONSTANT_CONVERSION = YES;
				CLANG_WARN_DEPRECATED_OBJC_IMPLEMENTATIONS = YES;
				CLANG_WARN_DIRECT_OBJC_ISA_USAGE = YES_ERROR;
				CLANG_WARN_DOCUMENTATION_COMMENTS = YES;
				CLANG_WARN_EMPTY_BODY = YES;
				CLANG_WARN_ENUM_CONVERSION = YES;
				CLANG_WARN_INFINITE_RECURSION = YES;
				CLANG_WARN_INT_CONVERSION = YES;
				CLANG_WARN_NON_LITERAL_NULL_CONVERSION = YES;
				CLANG_WARN_OBJC_IMPLICIT_RETAIN_SELF = YES;
				CLANG_WARN_OBJC_LITERAL_CONVERSION = YES;
				CLANG_WARN_OBJC_ROOT_CLASS = YES_ERROR;
				CLANG_WARN_QUOTED_INCLUDE_IN_FRAMEWORK_HEADER = YES;
				CLANG_WARN_RANGE_LOOP_ANALYSIS = YES;
				CLANG_WARN_STRICT_PROTOTYPES = YES;
				CLANG_WARN_SUSPICIOUS_MOVE = YES;
				CLANG_WARN_UNGUARDED_AVAILABILITY = YES_AGGRESSIVE;
				CLANG_WARN_UNREACHABLE_CODE = YES;
				CLANG_WARN__DUPLICATE_METHOD_MATCH = YES;
				COPY_PHASE_STRIP = NO;
				DEBUG_INFORMATION_FORMAT = "dwarf-with-dsym";
				ENABLE_NS_ASSERTIONS = NO;
				ENABLE_STRICT_OBJC_MSGSEND = YES;
				GCC_C_LANGUAGE_STANDARD = gnu11;
				GCC_NO_COMMON_BLOCKS = YES;
				GCC_WARN_64_TO_32_BIT_CONVERSION = YES;
				GCC_WARN_ABOUT_RETURN_TYPE = YES_ERROR;
				GCC_WARN_UNDECLARED_SELECTOR = YES;
				GCC_WARN_UNINITIALIZED_AUTOS = YES_AGGRESSIVE;
				GCC_WARN_UNUSED_FUNCTION = YES;
				GCC_WARN_UNUSED_VARIABLE = YES;
				IPHONEOS_DEPLOYMENT_TARGET = 15.5;
				MTL_ENABLE_DEBUG_INFO = NO;
				MTL_FAST_MATH = YES;
				SDKROOT = iphoneos;
				SWIFT_COMPILATION_MODE = wholemodule;
				SWIFT_OPTIMIZATION_LEVEL = "-O";
				VALIDATE_PRODUCT = YES;
			};
			name = Release;
		};
		18F3BD8C28D5B0F000BBABC9 /* Debug */ = {
			isa = XCBuildConfiguration;
			baseConfigurationReference = 90CC3CFFF3026521FC1C39A6 /* Pods-FakeStoreIOS.debug.xcconfig */;
			buildSettings = {
				ASSETCATALOG_COMPILER_APPICON_NAME = AppIcon;
				ASSETCATALOG_COMPILER_GLOBAL_ACCENT_COLOR_NAME = AccentColor;
				CODE_SIGN_STYLE = Automatic;
				CURRENT_PROJECT_VERSION = 1;
				GENERATE_INFOPLIST_FILE = YES;
				INFOPLIST_FILE = FakeStoreIOS/Info.plist;
				INFOPLIST_KEY_UIApplicationSupportsIndirectInputEvents = YES;
				INFOPLIST_KEY_UILaunchStoryboardName = LaunchScreen;
				INFOPLIST_KEY_UIMainStoryboardFile = Main;
				INFOPLIST_KEY_UISupportedInterfaceOrientations_iPad = "UIInterfaceOrientationPortrait UIInterfaceOrientationPortraitUpsideDown UIInterfaceOrientationLandscapeLeft UIInterfaceOrientationLandscapeRight";
				INFOPLIST_KEY_UISupportedInterfaceOrientations_iPhone = "UIInterfaceOrientationPortrait UIInterfaceOrientationLandscapeLeft UIInterfaceOrientationLandscapeRight";
				LD_RUNPATH_SEARCH_PATHS = (
					"$(inherited)",
					"@executable_path/Frameworks",
				);
				MARKETING_VERSION = 1.0;
				PRODUCT_BUNDLE_IDENTIFIER = tt.FakeStoreIOS;
				PRODUCT_NAME = "$(TARGET_NAME)";
				SWIFT_EMIT_LOC_STRINGS = YES;
				SWIFT_VERSION = 5.0;
				TARGETED_DEVICE_FAMILY = "1,2";
			};
			name = Debug;
		};
		18F3BD8D28D5B0F000BBABC9 /* Release */ = {
			isa = XCBuildConfiguration;
			baseConfigurationReference = 4068FA35A03A473E4670AD66 /* Pods-FakeStoreIOS.release.xcconfig */;
			buildSettings = {
				ASSETCATALOG_COMPILER_APPICON_NAME = AppIcon;
				ASSETCATALOG_COMPILER_GLOBAL_ACCENT_COLOR_NAME = AccentColor;
				CODE_SIGN_STYLE = Automatic;
				CURRENT_PROJECT_VERSION = 1;
				GENERATE_INFOPLIST_FILE = YES;
				INFOPLIST_FILE = FakeStoreIOS/Info.plist;
				INFOPLIST_KEY_UIApplicationSupportsIndirectInputEvents = YES;
				INFOPLIST_KEY_UILaunchStoryboardName = LaunchScreen;
				INFOPLIST_KEY_UIMainStoryboardFile = Main;
				INFOPLIST_KEY_UISupportedInterfaceOrientations_iPad = "UIInterfaceOrientationPortrait UIInterfaceOrientationPortraitUpsideDown UIInterfaceOrientationLandscapeLeft UIInterfaceOrientationLandscapeRight";
				INFOPLIST_KEY_UISupportedInterfaceOrientations_iPhone = "UIInterfaceOrientationPortrait UIInterfaceOrientationLandscapeLeft UIInterfaceOrientationLandscapeRight";
				LD_RUNPATH_SEARCH_PATHS = (
					"$(inherited)",
					"@executable_path/Frameworks",
				);
				MARKETING_VERSION = 1.0;
				PRODUCT_BUNDLE_IDENTIFIER = tt.FakeStoreIOS;
				PRODUCT_NAME = "$(TARGET_NAME)";
				SWIFT_EMIT_LOC_STRINGS = YES;
				SWIFT_VERSION = 5.0;
				TARGETED_DEVICE_FAMILY = "1,2";
			};
			name = Release;
		};
/* End XCBuildConfiguration section */

/* Begin XCConfigurationList section */
		18F3BD7228D5B0ED00BBABC9 /* Build configuration list for PBXProject "FakeStoreIOS" */ = {
			isa = XCConfigurationList;
			buildConfigurations = (
				18F3BD8928D5B0F000BBABC9 /* Debug */,
				18F3BD8A28D5B0F000BBABC9 /* Release */,
			);
			defaultConfigurationIsVisible = 0;
			defaultConfigurationName = Release;
		};
		18F3BD8B28D5B0F000BBABC9 /* Build configuration list for PBXNativeTarget "FakeStoreIOS" */ = {
			isa = XCConfigurationList;
			buildConfigurations = (
				18F3BD8C28D5B0F000BBABC9 /* Debug */,
				18F3BD8D28D5B0F000BBABC9 /* Release */,
			);
			defaultConfigurationIsVisible = 0;
			defaultConfigurationName = Release;
		};
/* End XCConfigurationList section */
	};
	rootObject = 18F3BD6F28D5B0ED00BBABC9 /* Project object */;
}
